<?xml version="1.0" encoding="utf-8"?>
<Project ToolsVersion="4.0" xmlns="http://schemas.microsoft.com/developer/msbuild/2003">
  <ItemGroup>
    <Filter Include="ソース ファイル">
      <UniqueIdentifier>{4FC737F1-C7A5-4376-A066-2A32D752A2FF}</UniqueIdentifier>
      <Extensions>cpp;c;cc;cxx;def;odl;idl;hpj;bat;asm;asmx</Extensions>
    </Filter>
    <Filter Include="ヘッダー ファイル">
      <UniqueIdentifier>{93995380-89BD-4b04-88EB-625FBE52EBFB}</UniqueIdentifier>
      <Extensions>h;hh;hpp;hxx;hm;inl;inc;xsd</Extensions>
    </Filter>
    <Filter Include="リソース ファイル">
      <UniqueIdentifier>{67DA6AB6-F800-4c08-8B7A-83BB121AAD01}</UniqueIdentifier>
      <Extensions>rc;ico;cur;bmp;dlg;rc2;rct;bin;rgs;gif;jpg;jpeg;jpe;resx;tiff;tif;png;wav;mfcribbon-ms</Extensions>
    </Filter>
    <Filter Include="ヘッダー ファイル\paw">
      <UniqueIdentifier>{76143de4-22b8-4f7b-ad81-cf405637250c}</UniqueIdentifier>
    </Filter>
    <Filter Include="ソース ファイル\core">
      <UniqueIdentifier>{a47d2641-7487-4cec-8cf9-43aab6f77b17}</UniqueIdentifier>
    </Filter>
  </ItemGroup>
  <ItemGroup>
    <ClInclude Include="..\include\paw\common.h">
      <Filter>ヘッダー ファイル\paw</Filter>
    </ClInclude>
    <ClInclude Include="..\include\paw\console.h">
      <Filter>ヘッダー ファイル\paw</Filter>
    </ClInclude>
    <ClInclude Include="..\include\paw\console_shell.h">
      <Filter>ヘッダー ファイル\paw</Filter>
    </ClInclude>
    <ClInclude Include="..\include\paw\core.h">
      <Filter>ヘッダー ファイル\paw</Filter>
    </ClInclude>
    <ClInclude Include="..\include\paw\error.h">
      <Filter>ヘッダー ファイル\paw</Filter>
    </ClInclude>
    <ClInclude Include="..\include\paw\pstring.h">
      <Filter>ヘッダー ファイル\paw</Filter>
    </ClInclude>
    <ClInclude Include="..\include\paw\ram.h">
      <Filter>ヘッダー ファイル\paw</Filter>
    </ClInclude>
    <ClInclude Include="..\include\paw\util.h">
      <Filter>ヘッダー ファイル\paw</Filter>
    </ClInclude>
    <ClInclude Include="..\include\pawconf.h">
      <Filter>ヘッダー ファイル</Filter>
    </ClInclude>
    <ClInclude Include="..\include\pawos.h">
      <Filter>ヘッダー ファイル</Filter>
    </ClInclude>
  </ItemGroup>
  <ItemGroup>
    <ClCompile Include="..\src\app.c">
      <Filter>ソース ファイル</Filter>
    </ClCompile>
    <ClCompile Include="..\src\core\util.c">
      <Filter>ソース ファイル\core</Filter>
    </ClCompile>
    <ClCompile Include="..\src\core\console.c">
      <Filter>ソース ファイル\core</Filter>
    </ClCompile>
    <ClCompile Include="..\src\core\core.c">
      <Filter>ソース ファイル\core</Filter>
    </ClCompile>
    <ClCompile Include="..\src\core\paw_shell.c">
      <Filter>ソース ファイル\core</Filter>
    </ClCompile>
    <ClCompile Include="..\src\core\pstring.c">
      <Filter>ソース ファイル\core</Filter>
    </ClCompile>
    <ClCompile Include="..\src\core\ram.c">
      <Filter>ソース ファイル\core</Filter>
    </ClCompile>
  </ItemGroup>
</Project>